[[package]]
category = "main"
description = "Screen-scraping library"
name = "beautifulsoup4"
optional = false
python-versions = "*"
version = "4.8.2"

[package.dependencies]
soupsieve = ">=1.2"

[package.extras]
html5lib = ["html5lib"]
lxml = ["lxml"]

[[package]]
category = "main"
description = "Dummy package for Beautiful Soup"
name = "bs4"
optional = false
python-versions = "*"
version = "0.0.1"

[package.dependencies]
beautifulsoup4 = "*"

[[package]]
category = "main"
description = "A decorator for caching properties in classes."
name = "cached-property"
optional = false
python-versions = "*"
version = "1.5.1"

[[package]]
category = "main"
description = "Python package for providing Mozilla's CA Bundle."
name = "certifi"
optional = false
python-versions = "*"
version = "2019.11.28"

[[package]]
category = "main"
description = "Universal encoding detector for Python 2 and 3"
name = "chardet"
optional = false
python-versions = "*"
version = "3.0.4"

[[package]]
category = "main"
description = "Python parser for the CommonMark Markdown spec"
name = "commonmark"
optional = false
python-versions = "*"
version = "0.9.1"

[package.extras]
test = ["flake8 (3.7.8)", "hypothesis (3.55.3)"]

[[package]]
category = "main"
description = "Dictdiffer is a library that helps you to diff and patch dictionaries."
name = "dictdiffer"
optional = false
python-versions = "*"
version = "0.8.1"

[package.extras]
all = ["Sphinx (>=1.4.4)", "sphinx-rtd-theme (>=0.1.9)", "check-manifest (>=0.25)", "coverage (>=4.0)", "isort (>=4.2.2)", "mock (>=1.3.0)", "pydocstyle (>=1.0.0)", "pytest-cov (>=1.8.0)", "pytest-pep8 (>=1.0.6)", "pytest (>=2.8.0)", "tox (>=3.7.0)", "numpy (>=1.11.0)"]
docs = ["Sphinx (>=1.4.4)", "sphinx-rtd-theme (>=0.1.9)"]
numpy = ["numpy (>=1.11.0)"]
tests = ["check-manifest (>=0.25)", "coverage (>=4.0)", "isort (>=4.2.2)", "mock (>=1.3.0)", "pydocstyle (>=1.0.0)", "pytest-cov (>=1.8.0)", "pytest-pep8 (>=1.0.6)", "pytest (>=2.8.0)", "tox (>=3.7.0)"]

[[package]]
category = "main"
description = "Emoji for Python"
name = "emoji"
optional = false
python-versions = "*"
version = "0.5.4"

[package.extras]
dev = ["nose", "coverage", "coveralls"]

[[package]]
category = "main"
description = "Internationalized Domain Names in Applications (IDNA)"
name = "idna"
optional = false
python-versions = ">=2.7, !=3.0.*, !=3.1.*, !=3.2.*, !=3.3.*"
version = "2.9"

[[package]]
category = "main"
description = "A fast, extensible Markdown parser in pure Python."
name = "mistletoe"
optional = false
python-versions = "~=3.3"
version = "0.7.2"

[[package]]
category = "main"
description = "Unofficial Python API client for Notion.so"
name = "notion"
optional = false
python-versions = ">=3.5"
version = "0.0.25"

[package.dependencies]
bs4 = "*"
cached-property = "*"
commonmark = "*"
dictdiffer = "*"
python-slugify = "*"
requests = "*"
tzlocal = "*"

[[package]]
category = "main"
description = "Add .env support to your django/flask apps in development and deployments"
name = "python-dotenv"
optional = false
python-versions = "*"
version = "0.12.0"

[package.extras]
cli = ["click (>=5.0)"]

[[package]]
category = "main"
description = "Parse and manage posts with YAML (or other) frontmatter"
name = "python-frontmatter"
optional = false
python-versions = "*"
version = "0.5.0"

[package.dependencies]
PyYAML = "*"
six = "*"

[[package]]
category = "main"
description = "A Python Slugify application that handles Unicode"
name = "python-slugify"
optional = false
python-versions = ">=2.7, !=3.0.*, !=3.1.*, !=3.2.*, !=3.3.*, !=3.4.*"
version = "4.0.0"

[package.dependencies]
text-unidecode = ">=1.3"

[package.extras]
unidecode = ["Unidecode (>=1.1.1)"]

[[package]]
category = "main"
description = "World timezone definitions, modern and historical"
name = "pytz"
optional = false
python-versions = "*"
version = "2019.3"

[[package]]
category = "main"
description = "YAML parser and emitter for Python"
name = "pyyaml"
optional = false
python-versions = ">=2.7, !=3.0.*, !=3.1.*, !=3.2.*, !=3.3.*, !=3.4.*"
version = "5.3.1"

[[package]]
category = "main"
description = "Python HTTP for Humans."
name = "requests"
optional = false
python-versions = ">=2.7, !=3.0.*, !=3.1.*, !=3.2.*, !=3.3.*, !=3.4.*"
version = "2.23.0"

[package.dependencies]
certifi = ">=2017.4.17"
chardet = ">=3.0.2,<4"
idna = ">=2.5,<3"
urllib3 = ">=1.21.1,<1.25.0 || >1.25.0,<1.25.1 || >1.25.1,<1.26"

[package.extras]
security = ["pyOpenSSL (>=0.14)", "cryptography (>=1.3.4)"]
socks = ["PySocks (>=1.5.6,<1.5.7 || >1.5.7)", "win-inet-pton"]

[[package]]
category = "main"
description = "Python 2 and 3 compatibility utilities"
name = "six"
optional = false
python-versions = ">=2.7, !=3.0.*, !=3.1.*, !=3.2.*"
version = "1.14.0"

[[package]]
category = "main"
description = "A modern CSS selector implementation for Beautiful Soup."
name = "soupsieve"
optional = false
python-versions = ">=3.5"
version = "2.0"

[[package]]
category = "main"
description = "The most basic Text::Unidecode port"
name = "text-unidecode"
optional = false
python-versions = "*"
version = "1.3"

[[package]]
category = "main"
description = "tzinfo object for the local timezone"
name = "tzlocal"
optional = false
python-versions = "*"
version = "2.0.0"

[package.dependencies]
pytz = "*"

[[package]]
category = "main"
description = "HTTP library with thread-safe connection pooling, file post, and more."
name = "urllib3"
optional = false
python-versions = ">=2.7, !=3.0.*, !=3.1.*, !=3.2.*, !=3.3.*, !=3.4.*, <4"
version = "1.25.8"

[package.extras]
brotli = ["brotlipy (>=0.6.0)"]
secure = ["pyOpenSSL (>=0.14)", "cryptography (>=1.3.4)", "idna (>=2.0.0)", "certifi", "ipaddress"]
socks = ["PySocks (>=1.5.6,<1.5.7 || >1.5.7,<2.0)"]

[metadata]
content-hash = "7be7b19a87d7fcd89927e752e53a9dc50d24832b8b358d7d5a0fc8c2e6191325"
python-versions = "^3.8"

[metadata.files]
beautifulsoup4 = [
    {file = "beautifulsoup4-4.8.2-py2-none-any.whl", hash = "sha256:e1505eeed31b0f4ce2dbb3bc8eb256c04cc2b3b72af7d551a4ab6efd5cbe5dae"},
    {file = "beautifulsoup4-4.8.2-py3-none-any.whl", hash = "sha256:9fbb4d6e48ecd30bcacc5b63b94088192dcda178513b2ae3c394229f8911b887"},
    {file = "beautifulsoup4-4.8.2.tar.gz", hash = "sha256:05fd825eb01c290877657a56df4c6e4c311b3965bda790c613a3d6fb01a5462a"},
]
bs4 = [
    {file = "bs4-0.0.1.tar.gz", hash = "sha256:36ecea1fd7cc5c0c6e4a1ff075df26d50da647b75376626cc186e2212886dd3a"},
]
cached-property = [
    {file = "cached-property-1.5.1.tar.gz", hash = "sha256:9217a59f14a5682da7c4b8829deadbfc194ac22e9908ccf7c8820234e80a1504"},
    {file = "cached_property-1.5.1-py2.py3-none-any.whl", hash = "sha256:3a026f1a54135677e7da5ce819b0c690f156f37976f3e30c5430740725203d7f"},
]
certifi = [
    {file = "certifi-2019.11.28-py2.py3-none-any.whl", hash = "sha256:017c25db2a153ce562900032d5bc68e9f191e44e9a0f762f373977de9df1fbb3"},
    {file = "certifi-2019.11.28.tar.gz", hash = "sha256:25b64c7da4cd7479594d035c08c2d809eb4aab3a26e5a990ea98cc450c320f1f"},
]
chardet = [
    {file = "chardet-3.0.4-py2.py3-none-any.whl", hash = "sha256:fc323ffcaeaed0e0a02bf4d117757b98aed530d9ed4531e3e15460124c106691"},
    {file = "chardet-3.0.4.tar.gz", hash = "sha256:84ab92ed1c4d4f16916e05906b6b75a6c0fb5db821cc65e70cbd64a3e2a5eaae"},
]
commonmark = [
    {file = "commonmark-0.9.1-py2.py3-none-any.whl", hash = "sha256:da2f38c92590f83de410ba1a3cbceafbc74fee9def35f9251ba9a971d6d66fd9"},
    {file = "commonmark-0.9.1.tar.gz", hash = "sha256:452f9dc859be7f06631ddcb328b6919c67984aca654e5fefb3914d54691aed60"},
]
dictdiffer = [
    {file = "dictdiffer-0.8.1-py2.py3-none-any.whl", hash = "sha256:d79d9a39e459fe33497c858470ca0d2e93cb96621751de06d631856adfd9c390"},
    {file = "dictdiffer-0.8.1.tar.gz", hash = "sha256:1adec0d67cdf6166bda96ae2934ddb5e54433998ceab63c984574d187cc563d2"},
]
emoji = [
    {file = "emoji-0.5.4.tar.gz", hash = "sha256:60652d3a2dcee5b8af8acb097c31776fb6d808027aeb7221830f72cdafefc174"},
]
idna = [
    {file = "idna-2.9-py2.py3-none-any.whl", hash = "sha256:a068a21ceac8a4d63dbfd964670474107f541babbd2250d61922f029858365fa"},
    {file = "idna-2.9.tar.gz", hash = "sha256:7588d1c14ae4c77d74036e8c22ff447b26d0fde8f007354fd48a7814db15b7cb"},
]
mistletoe = [
    {file = "mistletoe-0.7.2-py3-none-any.whl", hash = "sha256:3e2d31b2fa6231ea2ee46981274ebac8d5e5736e3aad2d1cd449e2c053b7023b"},
    {file = "mistletoe-0.7.2.tar.gz", hash = "sha256:24d0f18cc5f0381c2cfb8a24ef3de83eb9f7929cb7d0e71ecb164b671d86e6a3"},
]
notion = [
    {file = "notion-0.0.25-py3-none-any.whl", hash = "sha256:d6ad33fab45fbf31bfe5186a3b0dd50dc88893a252f4ba45f4ddf6a8a467237f"},
    {file = "notion-0.0.25.tar.gz", hash = "sha256:96b1e5ed495b6b0d6ace21fbf49c409d3c46be710d08cecaee12cb364b8d0049"},
]
python-dotenv = [
    {file = "python-dotenv-0.12.0.tar.gz", hash = "sha256:92b3123fb2d58a284f76cc92bfe4ee6c502c32ded73e8b051c4f6afc8b6751ed"},
    {file = "python_dotenv-0.12.0-py2.py3-none-any.whl", hash = "sha256:81822227f771e0cab235a2939f0f265954ac4763cafd806d845801c863bf372f"},
]
python-frontmatter = [
    {file = "python-frontmatter-0.5.0.tar.gz", hash = "sha256:a9c2e90fc38e9f0c68d8b82299040f331ca3b8525ac7fa5f6beffef52b26c426"},
    {file = "python_frontmatter-0.5.0-py3-none-any.whl", hash = "sha256:a7dcdfdaf498d488dce98bfa9452f8b70f803a923760ceab1ebd99291d98d28a"},
]
python-slugify = [
    {file = "python-slugify-4.0.0.tar.gz", hash = "sha256:a8fc3433821140e8f409a9831d13ae5deccd0b033d4744d94b31fea141bdd84c"},
]
pytz = [
    {file = "pytz-2019.3-py2.py3-none-any.whl", hash = "sha256:1c557d7d0e871de1f5ccd5833f60fb2550652da6be2693c1e02300743d21500d"},
    {file = "pytz-2019.3.tar.gz", hash = "sha256:b02c06db6cf09c12dd25137e563b31700d3b80fcc4ad23abb7a315f2789819be"},
]
pyyaml = [
    {file = "PyYAML-5.3.1-cp27-cp27m-win32.whl", hash = "sha256:74809a57b329d6cc0fdccee6318f44b9b8649961fa73144a98735b0aaf029f1f"},
    {file = "PyYAML-5.3.1-cp27-cp27m-win_amd64.whl", hash = "sha256:240097ff019d7c70a4922b6869d8a86407758333f02203e0fc6ff79c5dcede76"},
    {file = "PyYAML-5.3.1-cp35-cp35m-win32.whl", hash = "sha256:4f4b913ca1a7319b33cfb1369e91e50354d6f07a135f3b901aca02aa95940bd2"},
    {file = "PyYAML-5.3.1-cp35-cp35m-win_amd64.whl", hash = "sha256:cc8955cfbfc7a115fa81d85284ee61147059a753344bc51098f3ccd69b0d7e0c"},
    {file = "PyYAML-5.3.1-cp36-cp36m-win32.whl", hash = "sha256:7739fc0fa8205b3ee8808aea45e968bc90082c10aef6ea95e855e10abf4a37b2"},
    {file = "PyYAML-5.3.1-cp36-cp36m-win_amd64.whl", hash = "sha256:69f00dca373f240f842b2931fb2c7e14ddbacd1397d57157a9b005a6a9942648"},
    {file = "PyYAML-5.3.1-cp37-cp37m-win32.whl", hash = "sha256:d13155f591e6fcc1ec3b30685d50bf0711574e2c0dfffd7644babf8b5102ca1a"},
    {file = "PyYAML-5.3.1-cp37-cp37m-win_amd64.whl", hash = "sha256:73f099454b799e05e5ab51423c7bcf361c58d3206fa7b0d555426b1f4d9a3eaf"},
    {file = "PyYAML-5.3.1-cp38-cp38-win32.whl", hash = "sha256:06a0d7ba600ce0b2d2fe2e78453a470b5a6e000a985dd4a4e54e436cc36b0e97"},
    {file = "PyYAML-5.3.1-cp38-cp38-win_amd64.whl", hash = "sha256:95f71d2af0ff4227885f7a6605c37fd53d3a106fcab511b8860ecca9fcf400ee"},
    {file = "PyYAML-5.3.1.tar.gz", hash = "sha256:b8eac752c5e14d3eca0e6dd9199cd627518cb5ec06add0de9d32baeee6fe645d"},
]
requests = [
    {file = "requests-2.23.0-py2.py3-none-any.whl", hash = "sha256:43999036bfa82904b6af1d99e4882b560e5e2c68e5c4b0aa03b655f3d7d73fee"},
    {file = "requests-2.23.0.tar.gz", hash = "sha256:b3f43d496c6daba4493e7c431722aeb7dbc6288f52a6e04e7b6023b0247817e6"},
]
six = [
    {file = "six-1.14.0-py2.py3-none-any.whl", hash = "sha256:8f3cd2e254d8f793e7f3d6d9df77b92252b52637291d0f0da013c76ea2724b6c"},
    {file = "six-1.14.0.tar.gz", hash = "sha256:236bdbdce46e6e6a3d61a337c0f8b763ca1e8717c03b369e87a7ec7ce1319c0a"},
]
soupsieve = [
    {file = "soupsieve-2.0-py2.py3-none-any.whl", hash = "sha256:fcd71e08c0aee99aca1b73f45478549ee7e7fc006d51b37bec9e9def7dc22b69"},
    {file = "soupsieve-2.0.tar.gz", hash = "sha256:e914534802d7ffd233242b785229d5ba0766a7f487385e3f714446a07bf540ae"},
]
text-unidecode = [
    {file = "text-unidecode-1.3.tar.gz", hash = "sha256:bad6603bb14d279193107714b288be206cac565dfa49aa5b105294dd5c4aab93"},
    {file = "text_unidecode-1.3-py2.py3-none-any.whl", hash = "sha256:1311f10e8b895935241623731c2ba64f4c455287888b18189350b67134a822e8"},
]
tzlocal = [
    {file = "tzlocal-2.0.0-py2.py3-none-any.whl", hash = "sha256:11c9f16e0a633b4b60e1eede97d8a46340d042e67b670b290ca526576e039048"},
    {file = "tzlocal-2.0.0.tar.gz", hash = "sha256:949b9dd5ba4be17190a80c0268167d7e6c92c62b30026cf9764caf3e308e5590"},
]
urllib3 = [
    {file = "urllib3-1.25.8-py2.py3-none-any.whl", hash = "sha256:2f3db8b19923a873b3e5256dc9c2dedfa883e33d87c690d9c7913e1f40673cdc"},
    {file = "urllib3-1.25.8.tar.gz", hash = "sha256:87716c2d2a7121198ebcb7ce7cccf6ce5e9ba539041cfbaeecfb641dc0bf6acc"},
]
